
Microsoft Visual Studio Solution File, Format Version 12.00
# Visual Studio 15
Project("{FAE04EC0-301F-11D3-BF4B-00C04F79EFBC}") = "Assembly-CSharp", "Assembly-CSharp.csproj", "{57ECB7E0-E0D8-1E36-E732-90A43C2F3ED1}"
EndProject
Project("{FAE04EC0-301F-11D3-BF4B-00C04F79EFBC}") = "Oculus.VR", "Oculus.VR.csproj", "{3D8E0FC3-42DE-5B63-F9C9-2B9BE73B7B83}"
EndProject
Project("{FAE04EC0-301F-11D3-BF4B-00C04F79EFBC}") = "Assembly-CSharp-Editor", "Assembly-CSharp-Editor.csproj", "{9B0A1FD1-2F7F-7DC9-7EC7-5E6EA5688782}"
EndProject
Project("{FAE04EC0-301F-11D3-BF4B-00C04F79EFBC}") = "Oculus.VR.Scripts.Editor", "Oculus.VR.Scripts.Editor.csproj", "{CB200537-518F-4509-98EC-4052CD2ED985}"
EndProject
Project("{FAE04EC0-301F-11D3-BF4B-00C04F79EFBC}") = "Oculus.VR.Editor", "Oculus.VR.Editor.csproj", "{5E715200-F6D6-E63F-2F7D-BE8CB9CAD422}"
EndProject
Global
	GlobalSection(SolutionConfigurationPlatforms) = preSolution
		Debug|Any CPU = Debug|Any CPU
		Release|Any CPU = Release|Any CPU
	EndGlobalSection
	GlobalSection(ProjectConfigurationPlatforms) = postSolution
		{57ECB7E0-E0D8-1E36-E732-90A43C2F3ED1}.Debug|Any CPU.ActiveCfg = Debug|Any CPU
		{57ECB7E0-E0D8-1E36-E732-90A43C2F3ED1}.Debug|Any CPU.Build.0 = Debug|Any CPU
		{57ECB7E0-E0D8-1E36-E732-90A43C2F3ED1}.Release|Any CPU.ActiveCfg = Release|Any CPU
		{57ECB7E0-E0D8-1E36-E732-90A43C2F3ED1}.Release|Any CPU.Build.0 = Release|Any CPU
		{3D8E0FC3-42DE-5B63-F9C9-2B9BE73B7B83}.Debug|Any CPU.ActiveCfg = Debug|Any CPU
		{3D8E0FC3-42DE-5B63-F9C9-2B9BE73B7B83}.Debug|Any CPU.Build.0 = Debug|Any CPU
		{3D8E0FC3-42DE-5B63-F9C9-2B9BE73B7B83}.Release|Any CPU.ActiveCfg = Release|Any CPU
		{3D8E0FC3-42DE-5B63-F9C9-2B9BE73B7B83}.Release|Any CPU.Build.0 = Release|Any CPU
		{9B0A1FD1-2F7F-7DC9-7EC7-5E6EA5688782}.Debug|Any CPU.ActiveCfg = Debug|Any CPU
		{9B0A1FD1-2F7F-7DC9-7EC7-5E6EA5688782}.Debug|Any CPU.Build.0 = Debug|Any CPU
		{9B0A1FD1-2F7F-7DC9-7EC7-5E6EA5688782}.Release|Any CPU.ActiveCfg = Release|Any CPU
		{9B0A1FD1-2F7F-7DC9-7EC7-5E6EA5688782}.Release|Any CPU.Build.0 = Release|Any CPU
		{CB200537-518F-4509-98EC-4052CD2ED985}.Debug|Any CPU.ActiveCfg = Debug|Any CPU
		{CB200537-518F-4509-98EC-4052CD2ED985}.Debug|Any CPU.Build.0 = Debug|Any CPU
		{CB200537-518F-4509-98EC-4052CD2ED985}.Release|Any CPU.ActiveCfg = Release|Any CPU
		{CB200537-518F-4509-98EC-4052CD2ED985}.Release|Any CPU.Build.0 = Release|Any CPU
		{5E715200-F6D6-E63F-2F7D-BE8CB9CAD422}.Debug|Any CPU.ActiveCfg = Debug|Any CPU
		{5E715200-F6D6-E63F-2F7D-BE8CB9CAD422}.Debug|Any CPU.Build.0 = Debug|Any CPU
		{5E715200-F6D6-E63F-2F7D-BE8CB9CAD422}.Release|Any CPU.ActiveCfg = Release|Any CPU
		{5E715200-F6D6-E63F-2F7D-BE8CB9CAD422}.Release|Any CPU.Build.0 = Release|Any CPU
	EndGlobalSection
	GlobalSection(SolutionProperties) = preSolution
		HideSolutionNode = FALSE
	EndGlobalSection
EndGlobal
