
Microsoft Visual Studio Solution File, Format Version 12.00
# Visual Studio 15
Project("{FAE04EC0-301F-11D3-BF4B-00C04F79EFBC}") = "Assembly-CSharp", "Assembly-CSharp.csproj", "{F99962E5-0A16-93AF-DC6C-85A84E5F3201}"
EndProject
Project("{FAE04EC0-301F-11D3-BF4B-00C04F79EFBC}") = "Oculus.VR", "Oculus.VR.csproj", "{4339D9F2-2E38-1BA3-6FA8-1BBD6F014F18}"
EndProject
Project("{FAE04EC0-301F-11D3-BF4B-00C04F79EFBC}") = "Assembly-CSharp-Editor", "Assembly-CSharp-Editor.csproj", "{756F1B46-8A37-0E8F-A0B7-AB9A74E54A34}"
EndProject
Project("{FAE04EC0-301F-11D3-BF4B-00C04F79EFBC}") = "Oculus.VR.Scripts.Editor", "Oculus.VR.Scripts.Editor.csproj", "{9943DCF9-2A4B-DC79-E681-0C2C3FE9C6C6}"
EndProject
Project("{FAE04EC0-301F-11D3-BF4B-00C04F79EFBC}") = "Oculus.VR.Editor", "Oculus.VR.Editor.csproj", "{7EEAE928-E075-B129-527B-C5EC121C8737}"
EndProject
Global
	GlobalSection(SolutionConfigurationPlatforms) = preSolution
		Debug|Any CPU = Debug|Any CPU
		Release|Any CPU = Release|Any CPU
	EndGlobalSection
	GlobalSection(ProjectConfigurationPlatforms) = postSolution
		{F99962E5-0A16-93AF-DC6C-85A84E5F3201}.Debug|Any CPU.ActiveCfg = Debug|Any CPU
		{F99962E5-0A16-93AF-DC6C-85A84E5F3201}.Debug|Any CPU.Build.0 = Debug|Any CPU
		{F99962E5-0A16-93AF-DC6C-85A84E5F3201}.Release|Any CPU.ActiveCfg = Release|Any CPU
		{F99962E5-0A16-93AF-DC6C-85A84E5F3201}.Release|Any CPU.Build.0 = Release|Any CPU
		{4339D9F2-2E38-1BA3-6FA8-1BBD6F014F18}.Debug|Any CPU.ActiveCfg = Debug|Any CPU
		{4339D9F2-2E38-1BA3-6FA8-1BBD6F014F18}.Debug|Any CPU.Build.0 = Debug|Any CPU
		{4339D9F2-2E38-1BA3-6FA8-1BBD6F014F18}.Release|Any CPU.ActiveCfg = Release|Any CPU
		{4339D9F2-2E38-1BA3-6FA8-1BBD6F014F18}.Release|Any CPU.Build.0 = Release|Any CPU
		{756F1B46-8A37-0E8F-A0B7-AB9A74E54A34}.Debug|Any CPU.ActiveCfg = Debug|Any CPU
		{756F1B46-8A37-0E8F-A0B7-AB9A74E54A34}.Debug|Any CPU.Build.0 = Debug|Any CPU
		{756F1B46-8A37-0E8F-A0B7-AB9A74E54A34}.Release|Any CPU.ActiveCfg = Release|Any CPU
		{756F1B46-8A37-0E8F-A0B7-AB9A74E54A34}.Release|Any CPU.Build.0 = Release|Any CPU
		{9943DCF9-2A4B-DC79-E681-0C2C3FE9C6C6}.Debug|Any CPU.ActiveCfg = Debug|Any CPU
		{9943DCF9-2A4B-DC79-E681-0C2C3FE9C6C6}.Debug|Any CPU.Build.0 = Debug|Any CPU
		{9943DCF9-2A4B-DC79-E681-0C2C3FE9C6C6}.Release|Any CPU.ActiveCfg = Release|Any CPU
		{9943DCF9-2A4B-DC79-E681-0C2C3FE9C6C6}.Release|Any CPU.Build.0 = Release|Any CPU
		{7EEAE928-E075-B129-527B-C5EC121C8737}.Debug|Any CPU.ActiveCfg = Debug|Any CPU
		{7EEAE928-E075-B129-527B-C5EC121C8737}.Debug|Any CPU.Build.0 = Debug|Any CPU
		{7EEAE928-E075-B129-527B-C5EC121C8737}.Release|Any CPU.ActiveCfg = Release|Any CPU
		{7EEAE928-E075-B129-527B-C5EC121C8737}.Release|Any CPU.Build.0 = Release|Any CPU
	EndGlobalSection
	GlobalSection(SolutionProperties) = preSolution
		HideSolutionNode = FALSE
	EndGlobalSection
EndGlobal
